
Microsoft Visual Studio Solution File, Format Version 12.00
# Visual Studio Version 17
VisualStudioVersion = 17.7.34031.279
MinimumVisualStudioVersion = 10.0.40219.1
Project("{FAE04EC0-301F-11D3-BF4B-00C04F79EFBC}") = "vettori", "vettori.csproj", "{22041AD2-51E8-40F9-84EA-6F2A8C3DD499}"
EndProject
Global
	GlobalSection(SolutionConfigurationPlatforms) = preSolution
		Debug|Any CPU = Debug|Any CPU
		Release|Any CPU = Release|Any CPU
	EndGlobalSection
	GlobalSection(ProjectConfigurationPlatforms) = postSolution
		{22041AD2-51E8-40F9-84EA-6F2A8C3DD499}.Debug|Any CPU.ActiveCfg = Debug|Any CPU
		{22041AD2-51E8-40F9-84EA-6F2A8C3DD499}.Debug|Any CPU.Build.0 = Debug|Any CPU
		{22041AD2-51E8-40F9-84EA-6F2A8C3DD499}.Release|Any CPU.ActiveCfg = Release|Any CPU
		{22041AD2-51E8-40F9-84EA-6F2A8C3DD499}.Release|Any CPU.Build.0 = Release|Any CPU
	EndGlobalSection
	GlobalSection(SolutionProperties) = preSolution
		HideSolutionNode = FALSE
	EndGlobalSection
	GlobalSection(ExtensibilityGlobals) = postSolution
		SolutionGuid = {44CB7AD8-49D5-4434-B01A-4E76A0273045}
	EndGlobalSection
EndGlobal
